{
  "name": "clocktower",
  "version": "1.0.0",
  "lockfileVersion": 3,
  "requires": true,
  "packages": {
    "": {
      "name": "clocktower",
      "version": "1.0.0",
      "license": "BUSL-1.1",
      "dependencies": {
        "@openzeppelin/contracts": "^5.0.0",
        "dotenv": "^17.0.0",
        "eth-permit": "^0.2.3"
      },
      "devDependencies": {}
    },
    "node_modules/@openzeppelin/contracts": {
      "version": "5.4.0",
      "resolved": "https://registry.npmjs.org/@openzeppelin/contracts/-/contracts-5.4.0.tgz",
      "integrity": "sha512-eCYgWnLg6WO+X52I16TZt8uEjbtdkgLC0SUX/xnAksjjrQI4Xfn4iBRoI5j55dmlOhDv1Y7BoR3cU7e3WWhC6A==",
      "license": "MIT"
    },
    "node_modules/dotenv": {
      "version": "17.2.2",
      "resolved": "https://registry.npmjs.org/dotenv/-/dotenv-17.2.2.tgz",
      "integrity": "sha512-Sf2LSQP+bOlhKWWyhFsn0UsfdK/kCWRv1iuA2gXAwt3dyNabr6QSj00I2V10pidqz69soatm9ZwZvpQMTIOd5Q==",
      "license": "BSD-2-Clause",
      "engines": {
        "node": ">=12"
      },
      "funding": {
        "url": "https://dotenvx.com"
      }
    },
    "node_modules/eth-permit": {
      "version": "0.2.3",
      "resolved": "https://registry.npmjs.org/eth-permit/-/eth-permit-0.2.3.tgz",
      "integrity": "sha512-d4tbiRQgbpdeJbdC9hdyT0SUJcJx28FIy3o2RxEAoeYI+zyYbNC0ZpdE6kxBK+7iY2payjHRE7rs7tr5EcOVLg==",
      "license": "MIT",
      "dependencies": {
        "utf8": "^3.0.0"
      }
    },
    "node_modules/utf8": {
      "version": "3.0.0",
      "resolved": "https://registry.npmjs.org/utf8/-/utf8-3.0.0.tgz",
      "integrity": "sha512-E8VjFIQ/TyQgp+TZfS6l8yp/xWppSAHzidGiRrqe4bK4XP9pTRyKFgGJpO3SN7zdX4DeomTrwaseCHovfpFcqQ==",
      "license": "MIT"
    }
  }
}
